
Microsoft Visual Studio Solution File, Format Version 12.00
# Visual Studio Version 16
VisualStudioVersion = 16.0.31515.178
MinimumVisualStudioVersion = 10.0.40219.1
Project("{9A19103F-16F7-4668-BE54-9A1E7A4F7556}") = "PrototipoLaboratorio", "PrototipoLaboratorio\PrototipoLaboratorio.csproj", "{F76B37DF-6C00-4FF4-92AE-C2B7B2A84853}"
EndProject
Global
	GlobalSection(SolutionConfigurationPlatforms) = preSolution
		Debug|Any CPU = Debug|Any CPU
		Release|Any CPU = Release|Any CPU
	EndGlobalSection
	GlobalSection(ProjectConfigurationPlatforms) = postSolution
		{F76B37DF-6C00-4FF4-92AE-C2B7B2A84853}.Debug|Any CPU.ActiveCfg = Debug|Any CPU
		{F76B37DF-6C00-4FF4-92AE-C2B7B2A84853}.Debug|Any CPU.Build.0 = Debug|Any CPU
		{F76B37DF-6C00-4FF4-92AE-C2B7B2A84853}.Release|Any CPU.ActiveCfg = Release|Any CPU
		{F76B37DF-6C00-4FF4-92AE-C2B7B2A84853}.Release|Any CPU.Build.0 = Release|Any CPU
	EndGlobalSection
	GlobalSection(SolutionProperties) = preSolution
		HideSolutionNode = FALSE
	EndGlobalSection
	GlobalSection(ExtensibilityGlobals) = postSolution
		SolutionGuid = {0885939A-AA7C-4602-B08E-0345981F4C0D}
	EndGlobalSection
EndGlobal
